
Microsoft Visual Studio Solution File, Format Version 12.00
# Visual Studio Version 17
VisualStudioVersion = 17.0.31903.59
MinimumVisualStudioVersion = 10.0.40219.1
Project("{2150E333-8FDC-42A3-9474-1A3956D46DE8}") = "src", "src", "{4870D2CB-1C50-4F0A-BEA2-5E5F94F13B74}"
EndProject
Project("{FAE04EC0-301F-11D3-BF4B-00C04F79EFBC}") = "Sysexits", "src\Sysexits\Sysexits.csproj", "{BC03D8B7-A451-456A-B0EC-4225A56BA186}"
EndProject
Project("{2150E333-8FDC-42A3-9474-1A3956D46DE8}") = "tests", "tests", "{E4A7D79F-4037-47B7-BB2F-DC4A304037D1}"
EndProject
Project("{FAE04EC0-301F-11D3-BF4B-00C04F79EFBC}") = "Sysexits.Tests", "tests\Sysexits.Tests\Sysexits.Tests.csproj", "{356CCCF5-A765-41C3-B97B-5F55F127BC1A}"
EndProject
Global
	GlobalSection(SolutionConfigurationPlatforms) = preSolution
		Debug|Any CPU = Debug|Any CPU
		Release|Any CPU = Release|Any CPU
	EndGlobalSection
	GlobalSection(SolutionProperties) = preSolution
		HideSolutionNode = FALSE
	EndGlobalSection
	GlobalSection(ProjectConfigurationPlatforms) = postSolution
		{BC03D8B7-A451-456A-B0EC-4225A56BA186}.Debug|Any CPU.ActiveCfg = Debug|Any CPU
		{BC03D8B7-A451-456A-B0EC-4225A56BA186}.Debug|Any CPU.Build.0 = Debug|Any CPU
		{BC03D8B7-A451-456A-B0EC-4225A56BA186}.Release|Any CPU.ActiveCfg = Release|Any CPU
		{BC03D8B7-A451-456A-B0EC-4225A56BA186}.Release|Any CPU.Build.0 = Release|Any CPU
		{356CCCF5-A765-41C3-B97B-5F55F127BC1A}.Debug|Any CPU.ActiveCfg = Debug|Any CPU
		{356CCCF5-A765-41C3-B97B-5F55F127BC1A}.Debug|Any CPU.Build.0 = Debug|Any CPU
		{356CCCF5-A765-41C3-B97B-5F55F127BC1A}.Release|Any CPU.ActiveCfg = Release|Any CPU
		{356CCCF5-A765-41C3-B97B-5F55F127BC1A}.Release|Any CPU.Build.0 = Release|Any CPU
	EndGlobalSection
	GlobalSection(NestedProjects) = preSolution
		{BC03D8B7-A451-456A-B0EC-4225A56BA186} = {4870D2CB-1C50-4F0A-BEA2-5E5F94F13B74}
		{356CCCF5-A765-41C3-B97B-5F55F127BC1A} = {E4A7D79F-4037-47B7-BB2F-DC4A304037D1}
	EndGlobalSection
EndGlobal
